
Microsoft Visual Studio Solution File, Format Version 12.00
# Visual Studio Version 17
VisualStudioVersion = 17.6.33723.286
MinimumVisualStudioVersion = 10.0.40219.1
Project("{9A19103F-16F7-4668-BE54-9A1E7A4F7556}") = "ComfortCare.Api", "ComfortCare.Api\ComfortCare.Api.csproj", "{ED314FB5-649D-401E-8953-0BA38D2FE0D6}"
EndProject
Project("{FAE04EC0-301F-11D3-BF4B-00C04F79EFBC}") = "ComfortCare.Domain", "ComfortCare.Domain\ComfortCare.Domain.csproj", "{5957BDFA-0731-464F-A305-41C650D8B8D4}"
EndProject
Global
	GlobalSection(SolutionConfigurationPlatforms) = preSolution
		Debug|Any CPU = Debug|Any CPU
		Release|Any CPU = Release|Any CPU
	EndGlobalSection
	GlobalSection(ProjectConfigurationPlatforms) = postSolution
		{ED314FB5-649D-401E-8953-0BA38D2FE0D6}.Debug|Any CPU.ActiveCfg = Debug|Any CPU
		{ED314FB5-649D-401E-8953-0BA38D2FE0D6}.Debug|Any CPU.Build.0 = Debug|Any CPU
		{ED314FB5-649D-401E-8953-0BA38D2FE0D6}.Release|Any CPU.ActiveCfg = Release|Any CPU
		{ED314FB5-649D-401E-8953-0BA38D2FE0D6}.Release|Any CPU.Build.0 = Release|Any CPU
		{5957BDFA-0731-464F-A305-41C650D8B8D4}.Debug|Any CPU.ActiveCfg = Debug|Any CPU
		{5957BDFA-0731-464F-A305-41C650D8B8D4}.Debug|Any CPU.Build.0 = Debug|Any CPU
		{5957BDFA-0731-464F-A305-41C650D8B8D4}.Release|Any CPU.ActiveCfg = Release|Any CPU
		{5957BDFA-0731-464F-A305-41C650D8B8D4}.Release|Any CPU.Build.0 = Release|Any CPU
	EndGlobalSection
	GlobalSection(SolutionProperties) = preSolution
		HideSolutionNode = FALSE
	EndGlobalSection
	GlobalSection(ExtensibilityGlobals) = postSolution
		SolutionGuid = {504F32AE-7675-4FFB-B54E-E72E2FE8C9BA}
	EndGlobalSection
EndGlobal
